
Microsoft Visual Studio Solution File, Format Version 12.00
# Visual Studio Version 17
VisualStudioVersion = 17.11.35005.142
MinimumVisualStudioVersion = 10.0.40219.1
Project("{FAE04EC0-301F-11D3-BF4B-00C04F79EFBC}") = "LTU-Lexicon24_övning3-OOP", "LTU-Lexicon24_övning3-OOP\LTU-Lexicon24_övning3-OOP.csproj", "{ED797494-4278-446F-A43F-62651D72E1EE}"
EndProject
Global
	GlobalSection(SolutionConfigurationPlatforms) = preSolution
		Debug|Any CPU = Debug|Any CPU
		Release|Any CPU = Release|Any CPU
	EndGlobalSection
	GlobalSection(ProjectConfigurationPlatforms) = postSolution
		{ED797494-4278-446F-A43F-62651D72E1EE}.Debug|Any CPU.ActiveCfg = Debug|Any CPU
		{ED797494-4278-446F-A43F-62651D72E1EE}.Debug|Any CPU.Build.0 = Debug|Any CPU
		{ED797494-4278-446F-A43F-62651D72E1EE}.Release|Any CPU.ActiveCfg = Release|Any CPU
		{ED797494-4278-446F-A43F-62651D72E1EE}.Release|Any CPU.Build.0 = Release|Any CPU
	EndGlobalSection
	GlobalSection(SolutionProperties) = preSolution
		HideSolutionNode = FALSE
	EndGlobalSection
	GlobalSection(ExtensibilityGlobals) = postSolution
		SolutionGuid = {528C90C2-9696-4A28-9C77-56182B09E685}
	EndGlobalSection
EndGlobal
